// !$*UTF8*$!
{
	archiveVersion = 1;
	classes = {
	};
	objectVersion = 56;
	objects = {

/* Begin PBXBuildFile section */
		CA2860122AD1339C005D4D09 /* AppDelegate.swift in Sources */ = {isa = PBXBuildFile; fileRef = CA2860112AD1339C005D4D09 /* AppDelegate.swift */; };
		CA2860142AD1339C005D4D09 /* SceneDelegate.swift in Sources */ = {isa = PBXBuildFile; fileRef = CA2860132AD1339C005D4D09 /* SceneDelegate.swift */; };
		CA2860162AD1339C005D4D09 /* ViewController.swift in Sources */ = {isa = PBXBuildFile; fileRef = CA2860152AD1339C005D4D09 /* ViewController.swift */; };
		CA2860192AD1339C005D4D09 /* Main.storyboard in Resources */ = {isa = PBXBuildFile; fileRef = CA2860172AD1339C005D4D09 /* Main.storyboard */; };
		CA28601C2AD1339C005D4D09 /* DemoCoreData.xcdatamodeld in Sources */ = {isa = PBXBuildFile; fileRef = CA28601A2AD1339C005D4D09 /* DemoCoreData.xcdatamodeld */; };
		CA28601E2AD1339E005D4D09 /* Assets.xcassets in Resources */ = {isa = PBXBuildFile; fileRef = CA28601D2AD1339E005D4D09 /* Assets.xcassets */; };
		CA2860212AD1339E005D4D09 /* LaunchScreen.storyboard in Resources */ = {isa = PBXBuildFile; fileRef = CA28601F2AD1339E005D4D09 /* LaunchScreen.storyboard */; };
		CA28602A2AD13482005D4D09 /* Student+CoreDataClass.swift in Sources */ = {isa = PBXBuildFile; fileRef = CA2860282AD13482005D4D09 /* Student+CoreDataClass.swift */; };
		CA28602B2AD13482005D4D09 /* Student+CoreDataProperties.swift in Sources */ = {isa = PBXBuildFile; fileRef = CA2860292AD13482005D4D09 /* Student+CoreDataProperties.swift */; };
		CA28602E2AD134FF005D4D09 /* CoreData.framework in Frameworks */ = {isa = PBXBuildFile; fileRef = CA28602D2AD134FF005D4D09 /* CoreData.framework */; };
		CA2860302AD13C87005D4D09 /* DatabaseHelper.swift in Sources */ = {isa = PBXBuildFile; fileRef = CA28602F2AD13C87005D4D09 /* DatabaseHelper.swift */; };
		CA28608A2AD1725A005D4D09 /* ListViewController.swift in Sources */ = {isa = PBXBuildFile; fileRef = CA2860892AD1725A005D4D09 /* ListViewController.swift */; };
		CA28608C2AD172BC005D4D09 /* FirstTableCell.swift in Sources */ = {isa = PBXBuildFile; fileRef = CA28608B2AD172BC005D4D09 /* FirstTableCell.swift */; };
/* End PBXBuildFile section */

/* Begin PBXFileReference section */
		CA28600E2AD1339C005D4D09 /* DemoCoreData.app */ = {isa = PBXFileReference; explicitFileType = wrapper.application; includeInIndex = 0; path = DemoCoreData.app; sourceTree = BUILT_PRODUCTS_DIR; };
		CA2860112AD1339C005D4D09 /* AppDelegate.swift */ = {isa = PBXFileReference; lastKnownFileType = sourcecode.swift; path = AppDelegate.swift; sourceTree = "<group>"; };
		CA2860132AD1339C005D4D09 /* SceneDelegate.swift */ = {isa = PBXFileReference; lastKnownFileType = sourcecode.swift; path = SceneDelegate.swift; sourceTree = "<group>"; };
		CA2860152AD1339C005D4D09 /* ViewController.swift */ = {isa = PBXFileReference; lastKnownFileType = sourcecode.swift; path = ViewController.swift; sourceTree = "<group>"; };
		CA2860182AD1339C005D4D09 /* Base */ = {isa = PBXFileReference; lastKnownFileType = file.storyboard; name = Base; path = Base.lproj/Main.storyboard; sourceTree = "<group>"; };
		CA28601B2AD1339C005D4D09 /* DemoCoreData.xcdatamodel */ = {isa = PBXFileReference; lastKnownFileType = wrapper.xcdatamodel; path = DemoCoreData.xcdatamodel; sourceTree = "<group>"; };
		CA28601D2AD1339E005D4D09 /* Assets.xcassets */ = {isa = PBXFileReference; lastKnownFileType = folder.assetcatalog; path = Assets.xcassets; sourceTree = "<group>"; };
		CA2860202AD1339E005D4D09 /* Base */ = {isa = PBXFileReference; lastKnownFileType = file.storyboard; name = Base; path = Base.lproj/LaunchScreen.storyboard; sourceTree = "<group>"; };
		CA2860222AD1339E005D4D09 /* Info.plist */ = {isa = PBXFileReference; lastKnownFileType = text.plist.xml; path = Info.plist; sourceTree = "<group>"; };
		CA2860282AD13482005D4D09 /* Student+CoreDataClass.swift */ = {isa = PBXFileReference; lastKnownFileType = sourcecode.swift; path = "Student+CoreDataClass.swift"; sourceTree = "<group>"; };
		CA2860292AD13482005D4D09 /* Student+CoreDataProperties.swift */ = {isa = PBXFileReference; lastKnownFileType = sourcecode.swift; path = "Student+CoreDataProperties.swift"; sourceTree = "<group>"; };
		CA28602D2AD134FF005D4D09 /* CoreData.framework */ = {isa = PBXFileReference; lastKnownFileType = wrapper.framework; name = CoreData.framework; path = System/Library/Frameworks/CoreData.framework; sourceTree = SDKROOT; };
		CA28602F2AD13C87005D4D09 /* DatabaseHelper.swift */ = {isa = PBXFileReference; lastKnownFileType = sourcecode.swift; path = DatabaseHelper.swift; sourceTree = "<group>"; };
		CA2860892AD1725A005D4D09 /* ListViewController.swift */ = {isa = PBXFileReference; lastKnownFileType = sourcecode.swift; path = ListViewController.swift; sourceTree = "<group>"; };
		CA28608B2AD172BC005D4D09 /* FirstTableCell.swift */ = {isa = PBXFileReference; lastKnownFileType = sourcecode.swift; path = FirstTableCell.swift; sourceTree = "<group>"; };
/* End PBXFileReference section */

/* Begin PBXFrameworksBuildPhase section */
		CA28600B2AD1339C005D4D09 /* Frameworks */ = {
			isa = PBXFrameworksBuildPhase;
			buildActionMask = 2147483647;
			files = (
				CA28602E2AD134FF005D4D09 /* CoreData.framework in Frameworks */,
			);
			runOnlyForDeploymentPostprocessing = 0;
		};
/* End PBXFrameworksBuildPhase section */

/* Begin PBXGroup section */
		CA2860052AD1339C005D4D09 = {
			isa = PBXGroup;
			children = (
				CA2860102AD1339C005D4D09 /* DemoCoreData */,
				CA28600F2AD1339C005D4D09 /* Products */,
				CA28602C2AD134FF005D4D09 /* Frameworks */,
			);
			sourceTree = "<group>";
		};
		CA28600F2AD1339C005D4D09 /* Products */ = {
			isa = PBXGroup;
			children = (
				CA28600E2AD1339C005D4D09 /* DemoCoreData.app */,
			);
			name = Products;
			sourceTree = "<group>";
		};
		CA2860102AD1339C005D4D09 /* DemoCoreData */ = {
			isa = PBXGroup;
			children = (
				CA2860112AD1339C005D4D09 /* AppDelegate.swift */,
				CA2860132AD1339C005D4D09 /* SceneDelegate.swift */,
				CA2860282AD13482005D4D09 /* Student+CoreDataClass.swift */,
				CA2860292AD13482005D4D09 /* Student+CoreDataProperties.swift */,
				CA2860152AD1339C005D4D09 /* ViewController.swift */,
				CA28602F2AD13C87005D4D09 /* DatabaseHelper.swift */,
				CA2860172AD1339C005D4D09 /* Main.storyboard */,
				CA28608B2AD172BC005D4D09 /* FirstTableCell.swift */,
				CA2860892AD1725A005D4D09 /* ListViewController.swift */,
				CA28601D2AD1339E005D4D09 /* Assets.xcassets */,
				CA28601A2AD1339C005D4D09 /* DemoCoreData.xcdatamodeld */,
				CA28601F2AD1339E005D4D09 /* LaunchScreen.storyboard */,
				CA2860222AD1339E005D4D09 /* Info.plist */,
			);
			path = DemoCoreData;
			sourceTree = "<group>";
		};
		CA28602C2AD134FF005D4D09 /* Frameworks */ = {
			isa = PBXGroup;
			children = (
				CA28602D2AD134FF005D4D09 /* CoreData.framework */,
			);
			name = Frameworks;
			sourceTree = "<group>";
		};
/* End PBXGroup section */

/* Begin PBXNativeTarget section */
		CA28600D2AD1339C005D4D09 /* DemoCoreData */ = {
			isa = PBXNativeTarget;
			buildConfigurationList = CA2860252AD1339E005D4D09 /* Build configuration list for PBXNativeTarget "DemoCoreData" */;
			buildPhases = (
				CA28600A2AD1339C005D4D09 /* Sources */,
				CA28600B2AD1339C005D4D09 /* Frameworks */,
				CA28600C2AD1339C005D4D09 /* Resources */,
			);
			buildRules = (
			);
			dependencies = (
			);
			name = DemoCoreData;
			productName = DemoCoreData;
			productReference = CA28600E2AD1339C005D4D09 /* DemoCoreData.app */;
			productType = "com.apple.product-type.application";
		};
/* End PBXNativeTarget section */

/* Begin PBXProject section */
		CA2860062AD1339C005D4D09 /* Project object */ = {
			isa = PBXProject;
			attributes = {
				BuildIndependentTargetsInParallel = 1;
				LastSwiftUpdateCheck = 1420;
				LastUpgradeCheck = 1420;
				TargetAttributes = {
					CA28600D2AD1339C005D4D09 = {
						CreatedOnToolsVersion = 14.2;
					};
				};
			};
			buildConfigurationList = CA2860092AD1339C005D4D09 /* Build configuration list for PBXProject "DemoCoreData" */;
			compatibilityVersion = "Xcode 14.0";
			developmentRegion = en;
			hasScannedForEncodings = 0;
			knownRegions = (
				en,
				Base,
			);
			mainGroup = CA2860052AD1339C005D4D09;
			productRefGroup = CA28600F2AD1339C005D4D09 /* Products */;
			projectDirPath = "";
			projectRoot = "";
			targets = (
				CA28600D2AD1339C005D4D09 /* DemoCoreData */,
			);
		};
/* End PBXProject section */

/* Begin PBXResourcesBuildPhase section */
		CA28600C2AD1339C005D4D09 /* Resources */ = {
			isa = PBXResourcesBuildPhase;
			buildActionMask = 2147483647;
			files = (
				CA2860212AD1339E005D4D09 /* LaunchScreen.storyboard in Resources */,
				CA28601E2AD1339E005D4D09 /* Assets.xcassets in Resources */,
				CA2860192AD1339C005D4D09 /* Main.storyboard in Resources */,
			);
			runOnlyForDeploymentPostprocessing = 0;
		};
/* End PBXResourcesBuildPhase section */

/* Begin PBXSourcesBuildPhase section */
		CA28600A2AD1339C005D4D09 /* Sources */ = {
			isa = PBXSourcesBuildPhase;
			buildActionMask = 2147483647;
			files = (
				CA28602B2AD13482005D4D09 /* Student+CoreDataProperties.swift in Sources */,
				CA2860162AD1339C005D4D09 /* ViewController.swift in Sources */,
				CA28601C2AD1339C005D4D09 /* DemoCoreData.xcdatamodeld in Sources */,
				CA2860302AD13C87005D4D09 /* DatabaseHelper.swift in Sources */,
				CA2860122AD1339C005D4D09 /* AppDelegate.swift in Sources */,
				CA2860142AD1339C005D4D09 /* SceneDelegate.swift in Sources */,
				CA28608A2AD1725A005D4D09 /* ListViewController.swift in Sources */,
				CA28608C2AD172BC005D4D09 /* FirstTableCell.swift in Sources */,
				CA28602A2AD13482005D4D09 /* Student+CoreDataClass.swift in Sources */,
			);
			runOnlyForDeploymentPostprocessing = 0;
		};
/* End PBXSourcesBuildPhase section */

/* Begin PBXVariantGroup section */
		CA2860172AD1339C005D4D09 /* Main.storyboard */ = {
			isa = PBXVariantGroup;
			children = (
				CA2860182AD1339C005D4D09 /* Base */,
			);
			name = Main.storyboard;
			sourceTree = "<group>";
		};
		CA28601F2AD1339E005D4D09 /* LaunchScreen.storyboard */ = {
			isa = PBXVariantGroup;
			children = (
				CA2860202AD1339E005D4D09 /* Base */,
			);
			name = LaunchScreen.storyboard;
			sourceTree = "<group>";
		};
/* End PBXVariantGroup section */

/* Begin XCBuildConfiguration section */
		CA2860232AD1339E005D4D09 /* Debug */ = {
			isa = XCBuildConfiguration;
			buildSettings = {
				ALWAYS_SEARCH_USER_PATHS = NO;
				CLANG_ANALYZER_NONNULL = YES;
				CLANG_ANALYZER_NUMBER_OBJECT_CONVERSION = YES_AGGRESSIVE;
				CLANG_CXX_LANGUAGE_STANDARD = "gnu++20";
				CLANG_ENABLE_MODULES = YES;
				CLANG_ENABLE_OBJC_ARC = YES;
				CLANG_ENABLE_OBJC_WEAK = YES;
				CLANG_WARN_BLOCK_CAPTURE_AUTORELEASING = YES;
				CLANG_WARN_BOOL_CONVERSION = YES;
				CLANG_WARN_COMMA = YES;
				CLANG_WARN_CONSTANT_CONVERSION = YES;
				CLANG_WARN_DEPRECATED_OBJC_IMPLEMENTATIONS = YES;
				CLANG_WARN_DIRECT_OBJC_ISA_USAGE = YES_ERROR;
				CLANG_WARN_DOCUMENTATION_COMMENTS = YES;
				CLANG_WARN_EMPTY_BODY = YES;
				CLANG_WARN_ENUM_CONVERSION = YES;
				CLANG_WARN_INFINITE_RECURSION = YES;
				CLANG_WARN_INT_CONVERSION = YES;
				CLANG_WARN_NON_LITERAL_NULL_CONVERSION = YES;
				CLANG_WARN_OBJC_IMPLICIT_RETAIN_SELF = YES;
				CLANG_WARN_OBJC_LITERAL_CONVERSION = YES;
				CLANG_WARN_OBJC_ROOT_CLASS = YES_ERROR;
				CLANG_WARN_QUOTED_INCLUDE_IN_FRAMEWORK_HEADER = YES;
				CLANG_WARN_RANGE_LOOP_ANALYSIS = YES;
				CLANG_WARN_STRICT_PROTOTYPES = YES;
				CLANG_WARN_SUSPICIOUS_MOVE = YES;
				CLANG_WARN_UNGUARDED_AVAILABILITY = YES_AGGRESSIVE;
				CLANG_WARN_UNREACHABLE_CODE = YES;
				CLANG_WARN__DUPLICATE_METHOD_MATCH = YES;
				COPY_PHASE_STRIP = NO;
				DEBUG_INFORMATION_FORMAT = dwarf;
				ENABLE_STRICT_OBJC_MSGSEND = YES;
				ENABLE_TESTABILITY = YES;
				GCC_C_LANGUAGE_STANDARD = gnu11;
				GCC_DYNAMIC_NO_PIC = NO;
				GCC_NO_COMMON_BLOCKS = YES;
				GCC_OPTIMIZATION_LEVEL = 0;
				GCC_PREPROCESSOR_DEFINITIONS = (
					"DEBUG=1",
					"$(inherited)",
				);
				GCC_WARN_64_TO_32_BIT_CONVERSION = YES;
				GCC_WARN_ABOUT_RETURN_TYPE = YES_ERROR;
				GCC_WARN_UNDECLARED_SELECTOR = YES;
				GCC_WARN_UNINITIALIZED_AUTOS = YES_AGGRESSIVE;
				GCC_WARN_UNUSED_FUNCTION = YES;
				GCC_WARN_UNUSED_VARIABLE = YES;
				IPHONEOS_DEPLOYMENT_TARGET = 16.2;
				MTL_ENABLE_DEBUG_INFO = INCLUDE_SOURCE;
				MTL_FAST_MATH = YES;
				ONLY_ACTIVE_ARCH = YES;
				SDKROOT = iphoneos;
				SWIFT_ACTIVE_COMPILATION_CONDITIONS = DEBUG;
				SWIFT_OPTIMIZATION_LEVEL = "-Onone";
			};
			name = Debug;
		};
		CA2860242AD1339E005D4D09 /* Release */ = {
			isa = XCBuildConfiguration;
			buildSettings = {
				ALWAYS_SEARCH_USER_PATHS = NO;
				CLANG_ANALYZER_NONNULL = YES;
				CLANG_ANALYZER_NUMBER_OBJECT_CONVERSION = YES_AGGRESSIVE;
				CLANG_CXX_LANGUAGE_STANDARD = "gnu++20";
				CLANG_ENABLE_MODULES = YES;
				CLANG_ENABLE_OBJC_ARC = YES;
				CLANG_ENABLE_OBJC_WEAK = YES;
				CLANG_WARN_BLOCK_CAPTURE_AUTORELEASING = YES;
				CLANG_WARN_BOOL_CONVERSION = YES;
				CLANG_WARN_COMMA = YES;
				CLANG_WARN_CONSTANT_CONVERSION = YES;
				CLANG_WARN_DEPRECATED_OBJC_IMPLEMENTATIONS = YES;
				CLANG_WARN_DIRECT_OBJC_ISA_USAGE = YES_ERROR;
				CLANG_WARN_DOCUMENTATION_COMMENTS = YES;
				CLANG_WARN_EMPTY_BODY = YES;
				CLANG_WARN_ENUM_CONVERSION = YES;
				CLANG_WARN_INFINITE_RECURSION = YES;
				CLANG_WARN_INT_CONVERSION = YES;
				CLANG_WARN_NON_LITERAL_NULL_CONVERSION = YES;
				CLANG_WARN_OBJC_IMPLICIT_RETAIN_SELF = YES;
				CLANG_WARN_OBJC_LITERAL_CONVERSION = YES;
				CLANG_WARN_OBJC_ROOT_CLASS = YES_ERROR;
				CLANG_WARN_QUOTED_INCLUDE_IN_FRAMEWORK_HEADER = YES;
				CLANG_WARN_RANGE_LOOP_ANALYSIS = YES;
				CLANG_WARN_STRICT_PROTOTYPES = YES;
				CLANG_WARN_SUSPICIOUS_MOVE = YES;
				CLANG_WARN_UNGUARDED_AVAILABILITY = YES_AGGRESSIVE;
				CLANG_WARN_UNREACHABLE_CODE = YES;
				CLANG_WARN__DUPLICATE_METHOD_MATCH = YES;
				COPY_PHASE_STRIP = NO;
				DEBUG_INFORMATION_FORMAT = "dwarf-with-dsym";
				ENABLE_NS_ASSERTIONS = NO;
				ENABLE_STRICT_OBJC_MSGSEND = YES;
				GCC_C_LANGUAGE_STANDARD = gnu11;
				GCC_NO_COMMON_BLOCKS = YES;
				GCC_WARN_64_TO_32_BIT_CONVERSION = YES;
				GCC_WARN_ABOUT_RETURN_TYPE = YES_ERROR;
				GCC_WARN_UNDECLARED_SELECTOR = YES;
				GCC_WARN_UNINITIALIZED_AUTOS = YES_AGGRESSIVE;
				GCC_WARN_UNUSED_FUNCTION = YES;
				GCC_WARN_UNUSED_VARIABLE = YES;
				IPHONEOS_DEPLOYMENT_TARGET = 16.2;
				MTL_ENABLE_DEBUG_INFO = NO;
				MTL_FAST_MATH = YES;
				SDKROOT = iphoneos;
				SWIFT_COMPILATION_MODE = wholemodule;
				SWIFT_OPTIMIZATION_LEVEL = "-O";
				VALIDATE_PRODUCT = YES;
			};
			name = Release;
		};
		CA2860262AD1339E005D4D09 /* Debug */ = {
			isa = XCBuildConfiguration;
			buildSettings = {
				ASSETCATALOG_COMPILER_APPICON_NAME = AppIcon;
				ASSETCATALOG_COMPILER_GLOBAL_ACCENT_COLOR_NAME = AccentColor;
				CODE_SIGN_STYLE = Automatic;
				CURRENT_PROJECT_VERSION = 1;
				GENERATE_INFOPLIST_FILE = YES;
				INFOPLIST_FILE = DemoCoreData/Info.plist;
				INFOPLIST_KEY_UIApplicationSupportsIndirectInputEvents = YES;
				INFOPLIST_KEY_UILaunchStoryboardName = LaunchScreen;
				INFOPLIST_KEY_UIMainStoryboardFile = Main;
				INFOPLIST_KEY_UISupportedInterfaceOrientations_iPad = "UIInterfaceOrientationPortrait UIInterfaceOrientationPortraitUpsideDown UIInterfaceOrientationLandscapeLeft UIInterfaceOrientationLandscapeRight";
				INFOPLIST_KEY_UISupportedInterfaceOrientations_iPhone = "UIInterfaceOrientationPortrait UIInterfaceOrientationLandscapeLeft UIInterfaceOrientationLandscapeRight";
				LD_RUNPATH_SEARCH_PATHS = (
					"$(inherited)",
					"@executable_path/Frameworks",
				);
				MARKETING_VERSION = 1.0;
				PRODUCT_BUNDLE_IDENTIFIER = com.itechnolabs.DemoCoreData;
				PRODUCT_NAME = "$(TARGET_NAME)";
				SWIFT_EMIT_LOC_STRINGS = YES;
				SWIFT_VERSION = 5.0;
				TARGETED_DEVICE_FAMILY = "1,2";
			};
			name = Debug;
		};
		CA2860272AD1339E005D4D09 /* Release */ = {
			isa = XCBuildConfiguration;
			buildSettings = {
				ASSETCATALOG_COMPILER_APPICON_NAME = AppIcon;
				ASSETCATALOG_COMPILER_GLOBAL_ACCENT_COLOR_NAME = AccentColor;
				CODE_SIGN_STYLE = Automatic;
				CURRENT_PROJECT_VERSION = 1;
				GENERATE_INFOPLIST_FILE = YES;
				INFOPLIST_FILE = DemoCoreData/Info.plist;
				INFOPLIST_KEY_UIApplicationSupportsIndirectInputEvents = YES;
				INFOPLIST_KEY_UILaunchStoryboardName = LaunchScreen;
				INFOPLIST_KEY_UIMainStoryboardFile = Main;
				INFOPLIST_KEY_UISupportedInterfaceOrientations_iPad = "UIInterfaceOrientationPortrait UIInterfaceOrientationPortraitUpsideDown UIInterfaceOrientationLandscapeLeft UIInterfaceOrientationLandscapeRight";
				INFOPLIST_KEY_UISupportedInterfaceOrientations_iPhone = "UIInterfaceOrientationPortrait UIInterfaceOrientationLandscapeLeft UIInterfaceOrientationLandscapeRight";
				LD_RUNPATH_SEARCH_PATHS = (
					"$(inherited)",
					"@executable_path/Frameworks",
				);
				MARKETING_VERSION = 1.0;
				PRODUCT_BUNDLE_IDENTIFIER = com.itechnolabs.DemoCoreData;
				PRODUCT_NAME = "$(TARGET_NAME)";
				SWIFT_EMIT_LOC_STRINGS = YES;
				SWIFT_VERSION = 5.0;
				TARGETED_DEVICE_FAMILY = "1,2";
			};
			name = Release;
		};
/* End XCBuildConfiguration section */

/* Begin XCConfigurationList section */
		CA2860092AD1339C005D4D09 /* Build configuration list for PBXProject "DemoCoreData" */ = {
			isa = XCConfigurationList;
			buildConfigurations = (
				CA2860232AD1339E005D4D09 /* Debug */,
				CA2860242AD1339E005D4D09 /* Release */,
			);
			defaultConfigurationIsVisible = 0;
			defaultConfigurationName = Release;
		};
		CA2860252AD1339E005D4D09 /* Build configuration list for PBXNativeTarget "DemoCoreData" */ = {
			isa = XCConfigurationList;
			buildConfigurations = (
				CA2860262AD1339E005D4D09 /* Debug */,
				CA2860272AD1339E005D4D09 /* Release */,
			);
			defaultConfigurationIsVisible = 0;
			defaultConfigurationName = Release;
		};
/* End XCConfigurationList section */

/* Begin XCVersionGroup section */
		CA28601A2AD1339C005D4D09 /* DemoCoreData.xcdatamodeld */ = {
			isa = XCVersionGroup;
			children = (
				CA28601B2AD1339C005D4D09 /* DemoCoreData.xcdatamodel */,
			);
			currentVersion = CA28601B2AD1339C005D4D09 /* DemoCoreData.xcdatamodel */;
			path = DemoCoreData.xcdatamodeld;
			sourceTree = "<group>";
			versionGroupType = wrapper.xcdatamodel;
		};
/* End XCVersionGroup section */
	};
	rootObject = CA2860062AD1339C005D4D09 /* Project object */;
}
